
Microsoft Visual Studio Solution File, Format Version 12.00
# Visual Studio Version 16
VisualStudioVersion = 16.0.30611.23
MinimumVisualStudioVersion = 10.0.40219.1
Project("{FAE04EC0-301F-11D3-BF4B-00C04F79EFBC}") = "AlquilerDeAutos", "AlquilerDeAutos.csproj", "{C7139B52-5598-4EDB-A7E6-3A6E9ACBF6BD}"
EndProject
Global
	GlobalSection(SolutionConfigurationPlatforms) = preSolution
		Debug|Any CPU = Debug|Any CPU
		Release|Any CPU = Release|Any CPU
	EndGlobalSection
	GlobalSection(ProjectConfigurationPlatforms) = postSolution
		{C7139B52-5598-4EDB-A7E6-3A6E9ACBF6BD}.Debug|Any CPU.ActiveCfg = Debug|Any CPU
		{C7139B52-5598-4EDB-A7E6-3A6E9ACBF6BD}.Debug|Any CPU.Build.0 = Debug|Any CPU
		{C7139B52-5598-4EDB-A7E6-3A6E9ACBF6BD}.Release|Any CPU.ActiveCfg = Release|Any CPU
		{C7139B52-5598-4EDB-A7E6-3A6E9ACBF6BD}.Release|Any CPU.Build.0 = Release|Any CPU
	EndGlobalSection
	GlobalSection(SolutionProperties) = preSolution
		HideSolutionNode = FALSE
	EndGlobalSection
	GlobalSection(ExtensibilityGlobals) = postSolution
		SolutionGuid = {C88DB98E-120B-407C-80F2-EEECE75093F9}
	EndGlobalSection
EndGlobal
